
Microsoft Visual Studio Solution File, Format Version 12.00
# Visual Studio 14
VisualStudioVersion = 14.0.25123.0
MinimumVisualStudioVersion = 10.0.40219.1
Project("{FAE04EC0-301F-11D3-BF4B-00C04F79EFBC}") = "Useful.Wpf", "..\Code\Useful.Wpf.csproj", "{9EF733D4-B2E8-4C9B-BF65-40F1B794A92B}"
EndProject
Project("{FAE04EC0-301F-11D3-BF4B-00C04F79EFBC}") = "AttributeReporter", "..\Code\AttributeReporter.csproj", "{8217B41B-7C52-4B86-BBE6-E8B34E3F331E}"
EndProject
Global
	GlobalSection(SolutionConfigurationPlatforms) = preSolution
		Debug|Any CPU = Debug|Any CPU
		Release|Any CPU = Release|Any CPU
	EndGlobalSection
	GlobalSection(ProjectConfigurationPlatforms) = postSolution
		{9EF733D4-B2E8-4C9B-BF65-40F1B794A92B}.Debug|Any CPU.ActiveCfg = Debug|Any CPU
		{9EF733D4-B2E8-4C9B-BF65-40F1B794A92B}.Debug|Any CPU.Build.0 = Debug|Any CPU
		{9EF733D4-B2E8-4C9B-BF65-40F1B794A92B}.Release|Any CPU.ActiveCfg = Release|Any CPU
		{9EF733D4-B2E8-4C9B-BF65-40F1B794A92B}.Release|Any CPU.Build.0 = Release|Any CPU
		{8217B41B-7C52-4B86-BBE6-E8B34E3F331E}.Debug|Any CPU.ActiveCfg = Debug|Any CPU
		{8217B41B-7C52-4B86-BBE6-E8B34E3F331E}.Debug|Any CPU.Build.0 = Debug|Any CPU
		{8217B41B-7C52-4B86-BBE6-E8B34E3F331E}.Release|Any CPU.ActiveCfg = Release|Any CPU
		{8217B41B-7C52-4B86-BBE6-E8B34E3F331E}.Release|Any CPU.Build.0 = Release|Any CPU
	EndGlobalSection
	GlobalSection(SolutionProperties) = preSolution
		HideSolutionNode = FALSE
	EndGlobalSection
	GlobalSection(TestCaseManagementSettings) = postSolution
		CategoryFile = Useful.Application.vsmdi
	EndGlobalSection
EndGlobal
